
Microsoft Visual Studio Solution File, Format Version 12.00
# Visual Studio Version 17
VisualStudioVersion = 17.0.31423.177
MinimumVisualStudioVersion = 10.0.40219.1
Project("{F2A71F9B-5D33-465A-A702-920D77279786}") = "FileComparer", "FileComparer\FileComparer.fsproj", "{F4DE4BE5-99DF-4925-85CF-430A3577AE3A}"
EndProject
Project("{F2A71F9B-5D33-465A-A702-920D77279786}") = "Tests", "Tests\Tests.fsproj", "{1AFA90E3-B85E-4C81-ACFD-90435EA1066B}"
EndProject
Global
	GlobalSection(SolutionConfigurationPlatforms) = preSolution
		Debug|Any CPU = Debug|Any CPU
		Release|Any CPU = Release|Any CPU
	EndGlobalSection
	GlobalSection(ProjectConfigurationPlatforms) = postSolution
		{F4DE4BE5-99DF-4925-85CF-430A3577AE3A}.Debug|Any CPU.ActiveCfg = Debug|Any CPU
		{F4DE4BE5-99DF-4925-85CF-430A3577AE3A}.Debug|Any CPU.Build.0 = Debug|Any CPU
		{F4DE4BE5-99DF-4925-85CF-430A3577AE3A}.Release|Any CPU.ActiveCfg = Release|Any CPU
		{F4DE4BE5-99DF-4925-85CF-430A3577AE3A}.Release|Any CPU.Build.0 = Release|Any CPU
		{1AFA90E3-B85E-4C81-ACFD-90435EA1066B}.Debug|Any CPU.ActiveCfg = Debug|Any CPU
		{1AFA90E3-B85E-4C81-ACFD-90435EA1066B}.Debug|Any CPU.Build.0 = Debug|Any CPU
		{1AFA90E3-B85E-4C81-ACFD-90435EA1066B}.Release|Any CPU.ActiveCfg = Release|Any CPU
		{1AFA90E3-B85E-4C81-ACFD-90435EA1066B}.Release|Any CPU.Build.0 = Release|Any CPU
	EndGlobalSection
	GlobalSection(SolutionProperties) = preSolution
		HideSolutionNode = FALSE
	EndGlobalSection
	GlobalSection(ExtensibilityGlobals) = postSolution
		SolutionGuid = {2FC71E77-9D15-43E8-89F5-853F4342F113}
	EndGlobalSection
EndGlobal
